// !$*UTF8*$!
{
	archiveVersion = 1;
	classes = {
	};
	objectVersion = 46;
	objects = {

/* Begin PBXBuildFile section */
		15D848081D81E4B000D6BE22 /* main.m in Sources */ = {isa = PBXBuildFile; fileRef = 15D848071D81E4B000D6BE22 /* main.m */; };
		15D848101D81E4FF00D6BE22 /* Doctor.m in Sources */ = {isa = PBXBuildFile; fileRef = 15D8480F1D81E4FF00D6BE22 /* Doctor.m */; };
		15D848131D81E50A00D6BE22 /* Patient.m in Sources */ = {isa = PBXBuildFile; fileRef = 15D848121D81E50A00D6BE22 /* Patient.m */; };
/* End PBXBuildFile section */

/* Begin PBXCopyFilesBuildPhase section */
		15D848021D81E4B000D6BE22 /* CopyFiles */ = {
			isa = PBXCopyFilesBuildPhase;
			buildActionMask = 2147483647;
			dstPath = /usr/share/man/man1/;
			dstSubfolderSpec = 0;
			files = (
			);
			runOnlyForDeploymentPostprocessing = 1;
		};
/* End PBXCopyFilesBuildPhase section */

/* Begin PBXFileReference section */
		15D848041D81E4B000D6BE22 /* DoctorPatient */ = {isa = PBXFileReference; explicitFileType = "compiled.mach-o.executable"; includeInIndex = 0; path = DoctorPatient; sourceTree = BUILT_PRODUCTS_DIR; };
		15D848071D81E4B000D6BE22 /* main.m */ = {isa = PBXFileReference; lastKnownFileType = sourcecode.c.objc; path = main.m; sourceTree = "<group>"; };
		15D8480E1D81E4FF00D6BE22 /* Doctor.h */ = {isa = PBXFileReference; fileEncoding = 4; lastKnownFileType = sourcecode.c.h; path = Doctor.h; sourceTree = "<group>"; };
		15D8480F1D81E4FF00D6BE22 /* Doctor.m */ = {isa = PBXFileReference; fileEncoding = 4; lastKnownFileType = sourcecode.c.objc; path = Doctor.m; sourceTree = "<group>"; };
		15D848111D81E50A00D6BE22 /* Patient.h */ = {isa = PBXFileReference; fileEncoding = 4; lastKnownFileType = sourcecode.c.h; path = Patient.h; sourceTree = "<group>"; };
		15D848121D81E50A00D6BE22 /* Patient.m */ = {isa = PBXFileReference; fileEncoding = 4; lastKnownFileType = sourcecode.c.objc; path = Patient.m; sourceTree = "<group>"; };
/* End PBXFileReference section */

/* Begin PBXFrameworksBuildPhase section */
		15D848011D81E4B000D6BE22 /* Frameworks */ = {
			isa = PBXFrameworksBuildPhase;
			buildActionMask = 2147483647;
			files = (
			);
			runOnlyForDeploymentPostprocessing = 0;
		};
/* End PBXFrameworksBuildPhase section */

/* Begin PBXGroup section */
		15D847FB1D81E4B000D6BE22 = {
			isa = PBXGroup;
			children = (
				15D848061D81E4B000D6BE22 /* DoctorPatient */,
				15D848051D81E4B000D6BE22 /* Products */,
			);
			sourceTree = "<group>";
		};
		15D848051D81E4B000D6BE22 /* Products */ = {
			isa = PBXGroup;
			children = (
				15D848041D81E4B000D6BE22 /* DoctorPatient */,
			);
			name = Products;
			sourceTree = "<group>";
		};
		15D848061D81E4B000D6BE22 /* DoctorPatient */ = {
			isa = PBXGroup;
			children = (
				15D848071D81E4B000D6BE22 /* main.m */,
				15D8480E1D81E4FF00D6BE22 /* Doctor.h */,
				15D8480F1D81E4FF00D6BE22 /* Doctor.m */,
				15D848111D81E50A00D6BE22 /* Patient.h */,
				15D848121D81E50A00D6BE22 /* Patient.m */,
			);
			path = DoctorPatient;
			sourceTree = "<group>";
		};
/* End PBXGroup section */

/* Begin PBXNativeTarget section */
		15D848031D81E4B000D6BE22 /* DoctorPatient */ = {
			isa = PBXNativeTarget;
			buildConfigurationList = 15D8480B1D81E4B000D6BE22 /* Build configuration list for PBXNativeTarget "DoctorPatient" */;
			buildPhases = (
				15D848001D81E4B000D6BE22 /* Sources */,
				15D848011D81E4B000D6BE22 /* Frameworks */,
				15D848021D81E4B000D6BE22 /* CopyFiles */,
			);
			buildRules = (
			);
			dependencies = (
			);
			name = DoctorPatient;
			productName = DoctorPatient;
			productReference = 15D848041D81E4B000D6BE22 /* DoctorPatient */;
			productType = "com.apple.product-type.tool";
		};
/* End PBXNativeTarget section */

/* Begin PBXProject section */
		15D847FC1D81E4B000D6BE22 /* Project object */ = {
			isa = PBXProject;
			attributes = {
				LastUpgradeCheck = 0730;
				ORGANIZATIONNAME = "Philip Ha";
				TargetAttributes = {
					15D848031D81E4B000D6BE22 = {
						CreatedOnToolsVersion = 7.3.1;
					};
				};
			};
			buildConfigurationList = 15D847FF1D81E4B000D6BE22 /* Build configuration list for PBXProject "DoctorPatient" */;
			compatibilityVersion = "Xcode 3.2";
			developmentRegion = English;
			hasScannedForEncodings = 0;
			knownRegions = (
				en,
			);
			mainGroup = 15D847FB1D81E4B000D6BE22;
			productRefGroup = 15D848051D81E4B000D6BE22 /* Products */;
			projectDirPath = "";
			projectRoot = "";
			targets = (
				15D848031D81E4B000D6BE22 /* DoctorPatient */,
			);
		};
/* End PBXProject section */

/* Begin PBXSourcesBuildPhase section */
		15D848001D81E4B000D6BE22 /* Sources */ = {
			isa = PBXSourcesBuildPhase;
			buildActionMask = 2147483647;
			files = (
				15D848131D81E50A00D6BE22 /* Patient.m in Sources */,
				15D848101D81E4FF00D6BE22 /* Doctor.m in Sources */,
				15D848081D81E4B000D6BE22 /* main.m in Sources */,
			);
			runOnlyForDeploymentPostprocessing = 0;
		};
/* End PBXSourcesBuildPhase section */

/* Begin XCBuildConfiguration section */
		15D848091D81E4B000D6BE22 /* Debug */ = {
			isa = XCBuildConfiguration;
			buildSettings = {
				ALWAYS_SEARCH_USER_PATHS = NO;
				CLANG_ANALYZER_NONNULL = YES;
				CLANG_CXX_LANGUAGE_STANDARD = "gnu++0x";
				CLANG_CXX_LIBRARY = "libc++";
				CLANG_ENABLE_MODULES = YES;
				CLANG_ENABLE_OBJC_ARC = YES;
				CLANG_WARN_BOOL_CONVERSION = YES;
				CLANG_WARN_CONSTANT_CONVERSION = YES;
				CLANG_WARN_DIRECT_OBJC_ISA_USAGE = YES_ERROR;
				CLANG_WARN_EMPTY_BODY = YES;
				CLANG_WARN_ENUM_CONVERSION = YES;
				CLANG_WARN_INT_CONVERSION = YES;
				CLANG_WARN_OBJC_ROOT_CLASS = YES_ERROR;
				CLANG_WARN_UNREACHABLE_CODE = YES;
				CLANG_WARN__DUPLICATE_METHOD_MATCH = YES;
				CODE_SIGN_IDENTITY = "-";
				COPY_PHASE_STRIP = NO;
				DEBUG_INFORMATION_FORMAT = dwarf;
				ENABLE_STRICT_OBJC_MSGSEND = YES;
				ENABLE_TESTABILITY = YES;
				GCC_C_LANGUAGE_STANDARD = gnu99;
				GCC_DYNAMIC_NO_PIC = NO;
				GCC_NO_COMMON_BLOCKS = YES;
				GCC_OPTIMIZATION_LEVEL = 0;
				GCC_PREPROCESSOR_DEFINITIONS = (
					"DEBUG=1",
					"$(inherited)",
				);
				GCC_WARN_64_TO_32_BIT_CONVERSION = YES;
				GCC_WARN_ABOUT_RETURN_TYPE = YES_ERROR;
				GCC_WARN_UNDECLARED_SELECTOR = YES;
				GCC_WARN_UNINITIALIZED_AUTOS = YES_AGGRESSIVE;
				GCC_WARN_UNUSED_FUNCTION = YES;
				GCC_WARN_UNUSED_VARIABLE = YES;
				MACOSX_DEPLOYMENT_TARGET = 10.11;
				MTL_ENABLE_DEBUG_INFO = YES;
				ONLY_ACTIVE_ARCH = YES;
				SDKROOT = macosx;
			};
			name = Debug;
		};
		15D8480A1D81E4B000D6BE22 /* Release */ = {
			isa = XCBuildConfiguration;
			buildSettings = {
				ALWAYS_SEARCH_USER_PATHS = NO;
				CLANG_ANALYZER_NONNULL = YES;
				CLANG_CXX_LANGUAGE_STANDARD = "gnu++0x";
				CLANG_CXX_LIBRARY = "libc++";
				CLANG_ENABLE_MODULES = YES;
				CLANG_ENABLE_OBJC_ARC = YES;
				CLANG_WARN_BOOL_CONVERSION = YES;
				CLANG_WARN_CONSTANT_CONVERSION = YES;
				CLANG_WARN_DIRECT_OBJC_ISA_USAGE = YES_ERROR;
				CLANG_WARN_EMPTY_BODY = YES;
				CLANG_WARN_ENUM_CONVERSION = YES;
				CLANG_WARN_INT_CONVERSION = YES;
				CLANG_WARN_OBJC_ROOT_CLASS = YES_ERROR;
				CLANG_WARN_UNREACHABLE_CODE = YES;
				CLANG_WARN__DUPLICATE_METHOD_MATCH = YES;
				CODE_SIGN_IDENTITY = "-";
				COPY_PHASE_STRIP = NO;
				DEBUG_INFORMATION_FORMAT = "dwarf-with-dsym";
				ENABLE_NS_ASSERTIONS = NO;
				ENABLE_STRICT_OBJC_MSGSEND = YES;
				GCC_C_LANGUAGE_STANDARD = gnu99;
				GCC_NO_COMMON_BLOCKS = YES;
				GCC_WARN_64_TO_32_BIT_CONVERSION = YES;
				GCC_WARN_ABOUT_RETURN_TYPE = YES_ERROR;
				GCC_WARN_UNDECLARED_SELECTOR = YES;
				GCC_WARN_UNINITIALIZED_AUTOS = YES_AGGRESSIVE;
				GCC_WARN_UNUSED_FUNCTION = YES;
				GCC_WARN_UNUSED_VARIABLE = YES;
				MACOSX_DEPLOYMENT_TARGET = 10.11;
				MTL_ENABLE_DEBUG_INFO = NO;
				SDKROOT = macosx;
			};
			name = Release;
		};
		15D8480C1D81E4B000D6BE22 /* Debug */ = {
			isa = XCBuildConfiguration;
			buildSettings = {
				PRODUCT_NAME = "$(TARGET_NAME)";
			};
			name = Debug;
		};
		15D8480D1D81E4B000D6BE22 /* Release */ = {
			isa = XCBuildConfiguration;
			buildSettings = {
				PRODUCT_NAME = "$(TARGET_NAME)";
			};
			name = Release;
		};
/* End XCBuildConfiguration section */

/* Begin XCConfigurationList section */
		15D847FF1D81E4B000D6BE22 /* Build configuration list for PBXProject "DoctorPatient" */ = {
			isa = XCConfigurationList;
			buildConfigurations = (
				15D848091D81E4B000D6BE22 /* Debug */,
				15D8480A1D81E4B000D6BE22 /* Release */,
			);
			defaultConfigurationIsVisible = 0;
			defaultConfigurationName = Release;
		};
		15D8480B1D81E4B000D6BE22 /* Build configuration list for PBXNativeTarget "DoctorPatient" */ = {
			isa = XCConfigurationList;
			buildConfigurations = (
				15D8480C1D81E4B000D6BE22 /* Debug */,
				15D8480D1D81E4B000D6BE22 /* Release */,
			);
			defaultConfigurationIsVisible = 0;
		};
/* End XCConfigurationList section */
	};
	rootObject = 15D847FC1D81E4B000D6BE22 /* Project object */;
}
